
Microsoft Visual Studio Solution File, Format Version 12.00
# Visual Studio 2012
Project("{FAE04EC0-301F-11D3-BF4B-00C04F79EFBC}") = "ECH.Shell", "ECH\ECH.Shell.csproj", "{3AAC00AB-C36D-42E5-8AAE-D70B2E78C2DA}"
EndProject
Project("{FAE04EC0-301F-11D3-BF4B-00C04F79EFBC}") = "ECH.ModuleA", "ECH.ModuleA\ECH.ModuleA.csproj", "{D90C926D-DCEB-4A12-8008-4FC2CB78E793}"
EndProject
Project("{FAE04EC0-301F-11D3-BF4B-00C04F79EFBC}") = "ECH.ModuleB", "ECH.ModuleB\ECH.ModuleB.csproj", "{52DAD5B3-137B-40EE-972A-8AC342E28EB3}"
EndProject
Project("{FAE04EC0-301F-11D3-BF4B-00C04F79EFBC}") = "ECH.ModuleC", "ModuleC\ECH.ModuleC.csproj", "{AB36E833-7DE1-4E24-B132-1D3D07DA529C}"
EndProject
Project("{FAE04EC0-301F-11D3-BF4B-00C04F79EFBC}") = "ECH.Infrastructure", "ECH.Infrastructure\ECH.Infrastructure.csproj", "{B6E8A2F5-5912-4EF0-95F2-A42F23375A05}"
EndProject
Global
	GlobalSection(SolutionConfigurationPlatforms) = preSolution
		Debug|Any CPU = Debug|Any CPU
		Release|Any CPU = Release|Any CPU
	EndGlobalSection
	GlobalSection(ProjectConfigurationPlatforms) = postSolution
		{3AAC00AB-C36D-42E5-8AAE-D70B2E78C2DA}.Debug|Any CPU.ActiveCfg = Debug|Any CPU
		{3AAC00AB-C36D-42E5-8AAE-D70B2E78C2DA}.Debug|Any CPU.Build.0 = Debug|Any CPU
		{3AAC00AB-C36D-42E5-8AAE-D70B2E78C2DA}.Release|Any CPU.ActiveCfg = Release|Any CPU
		{3AAC00AB-C36D-42E5-8AAE-D70B2E78C2DA}.Release|Any CPU.Build.0 = Release|Any CPU
		{D90C926D-DCEB-4A12-8008-4FC2CB78E793}.Debug|Any CPU.ActiveCfg = Debug|Any CPU
		{D90C926D-DCEB-4A12-8008-4FC2CB78E793}.Debug|Any CPU.Build.0 = Debug|Any CPU
		{D90C926D-DCEB-4A12-8008-4FC2CB78E793}.Release|Any CPU.ActiveCfg = Release|Any CPU
		{D90C926D-DCEB-4A12-8008-4FC2CB78E793}.Release|Any CPU.Build.0 = Release|Any CPU
		{52DAD5B3-137B-40EE-972A-8AC342E28EB3}.Debug|Any CPU.ActiveCfg = Debug|Any CPU
		{52DAD5B3-137B-40EE-972A-8AC342E28EB3}.Debug|Any CPU.Build.0 = Debug|Any CPU
		{52DAD5B3-137B-40EE-972A-8AC342E28EB3}.Release|Any CPU.ActiveCfg = Release|Any CPU
		{52DAD5B3-137B-40EE-972A-8AC342E28EB3}.Release|Any CPU.Build.0 = Release|Any CPU
		{AB36E833-7DE1-4E24-B132-1D3D07DA529C}.Debug|Any CPU.ActiveCfg = Debug|Any CPU
		{AB36E833-7DE1-4E24-B132-1D3D07DA529C}.Debug|Any CPU.Build.0 = Debug|Any CPU
		{AB36E833-7DE1-4E24-B132-1D3D07DA529C}.Release|Any CPU.ActiveCfg = Release|Any CPU
		{AB36E833-7DE1-4E24-B132-1D3D07DA529C}.Release|Any CPU.Build.0 = Release|Any CPU
		{B6E8A2F5-5912-4EF0-95F2-A42F23375A05}.Debug|Any CPU.ActiveCfg = Debug|Any CPU
		{B6E8A2F5-5912-4EF0-95F2-A42F23375A05}.Debug|Any CPU.Build.0 = Debug|Any CPU
		{B6E8A2F5-5912-4EF0-95F2-A42F23375A05}.Release|Any CPU.ActiveCfg = Release|Any CPU
		{B6E8A2F5-5912-4EF0-95F2-A42F23375A05}.Release|Any CPU.Build.0 = Release|Any CPU
	EndGlobalSection
	GlobalSection(SolutionProperties) = preSolution
		HideSolutionNode = FALSE
	EndGlobalSection
	GlobalSection(ExtensibilityGlobals) = postSolution
		EnterpriseLibraryConfigurationToolBinariesPath = packages\Unity.2.1.505.2\lib\NET35
	EndGlobalSection
EndGlobal
